
Microsoft Visual Studio Solution File, Format Version 12.00
# Visual Studio 2012
Project("{FAE04EC0-301F-11D3-BF4B-00C04F79EFBC}") = "ContactManager", "Assignemnt 5\ContactManager.csproj", "{CFA2E31C-820F-43BB-9F5D-B63B4F11B2B5}"
EndProject
Global
	GlobalSection(SolutionConfigurationPlatforms) = preSolution
		Debug|Any CPU = Debug|Any CPU
		Release|Any CPU = Release|Any CPU
	EndGlobalSection
	GlobalSection(ProjectConfigurationPlatforms) = postSolution
		{CFA2E31C-820F-43BB-9F5D-B63B4F11B2B5}.Debug|Any CPU.ActiveCfg = Debug|Any CPU
		{CFA2E31C-820F-43BB-9F5D-B63B4F11B2B5}.Debug|Any CPU.Build.0 = Debug|Any CPU
		{CFA2E31C-820F-43BB-9F5D-B63B4F11B2B5}.Release|Any CPU.ActiveCfg = Release|Any CPU
		{CFA2E31C-820F-43BB-9F5D-B63B4F11B2B5}.Release|Any CPU.Build.0 = Release|Any CPU
	EndGlobalSection
	GlobalSection(SolutionProperties) = preSolution
		HideSolutionNode = FALSE
	EndGlobalSection
EndGlobal
